
Microsoft Visual Studio Solution File, Format Version 12.00
# Visual Studio 15
VisualStudioVersion = 15.0.28010.2003
MinimumVisualStudioVersion = 10.0.40219.1
Project("{FAE04EC0-301F-11D3-BF4B-00C04F79EFBC}") = "dbormCompiler", "dbormCompiler\dbormCompiler.csproj", "{FC5CBD39-E33B-4E7E-84BC-B6D90A612770}"
EndProject
Project("{FAE04EC0-301F-11D3-BF4B-00C04F79EFBC}") = "dborm", "dborm\dborm.csproj", "{913934EA-E830-4EB6-AB74-1BA1F4469DCB}"
EndProject
Project("{FAE04EC0-301F-11D3-BF4B-00C04F79EFBC}") = "dbormDemo", "dbormDemo\DBCreateDemo\dbormDemo.csproj", "{B36729ED-C0D1-4410-8341-106A07ED8DDF}"
EndProject
Project("{FAE04EC0-301F-11D3-BF4B-00C04F79EFBC}") = "DebugDborm", "DebugDborm\DebugDborm.csproj", "{8457B869-D062-4738-BE1D-DE5A97DE27FC}"
EndProject
Global
	GlobalSection(SolutionConfigurationPlatforms) = preSolution
		Debug|Any CPU = Debug|Any CPU
		Release|Any CPU = Release|Any CPU
	EndGlobalSection
	GlobalSection(ProjectConfigurationPlatforms) = postSolution
		{FC5CBD39-E33B-4E7E-84BC-B6D90A612770}.Debug|Any CPU.ActiveCfg = Debug|Any CPU
		{FC5CBD39-E33B-4E7E-84BC-B6D90A612770}.Debug|Any CPU.Build.0 = Debug|Any CPU
		{FC5CBD39-E33B-4E7E-84BC-B6D90A612770}.Release|Any CPU.ActiveCfg = Release|Any CPU
		{FC5CBD39-E33B-4E7E-84BC-B6D90A612770}.Release|Any CPU.Build.0 = Release|Any CPU
		{913934EA-E830-4EB6-AB74-1BA1F4469DCB}.Debug|Any CPU.ActiveCfg = Debug|Any CPU
		{913934EA-E830-4EB6-AB74-1BA1F4469DCB}.Debug|Any CPU.Build.0 = Debug|Any CPU
		{913934EA-E830-4EB6-AB74-1BA1F4469DCB}.Release|Any CPU.ActiveCfg = Release|Any CPU
		{913934EA-E830-4EB6-AB74-1BA1F4469DCB}.Release|Any CPU.Build.0 = Release|Any CPU
		{B36729ED-C0D1-4410-8341-106A07ED8DDF}.Debug|Any CPU.ActiveCfg = Debug|Any CPU
		{B36729ED-C0D1-4410-8341-106A07ED8DDF}.Debug|Any CPU.Build.0 = Debug|Any CPU
		{B36729ED-C0D1-4410-8341-106A07ED8DDF}.Release|Any CPU.ActiveCfg = Release|Any CPU
		{B36729ED-C0D1-4410-8341-106A07ED8DDF}.Release|Any CPU.Build.0 = Release|Any CPU
		{8457B869-D062-4738-BE1D-DE5A97DE27FC}.Debug|Any CPU.ActiveCfg = Debug|Any CPU
		{8457B869-D062-4738-BE1D-DE5A97DE27FC}.Debug|Any CPU.Build.0 = Debug|Any CPU
		{8457B869-D062-4738-BE1D-DE5A97DE27FC}.Release|Any CPU.ActiveCfg = Release|Any CPU
		{8457B869-D062-4738-BE1D-DE5A97DE27FC}.Release|Any CPU.Build.0 = Release|Any CPU
	EndGlobalSection
	GlobalSection(SolutionProperties) = preSolution
		HideSolutionNode = FALSE
	EndGlobalSection
	GlobalSection(ExtensibilityGlobals) = postSolution
		SolutionGuid = {C1E01F6B-4E05-48A5-9A77-1B457FC6F34B}
	EndGlobalSection
EndGlobal
